
Microsoft Visual Studio Solution File, Format Version 12.00
# Visual Studio Version 16
VisualStudioVersion = 16.0.29424.173
MinimumVisualStudioVersion = 10.0.40219.1
Project("{FAE04EC0-301F-11D3-BF4B-00C04F79EFBC}") = "INTEGRACION TDA", "INTEGRACION TDA\INTEGRACION TDA.csproj", "{A0FB41F5-B144-46E3-9D64-D1EB78231E5D}"
EndProject
Global
	GlobalSection(SolutionConfigurationPlatforms) = preSolution
		Debug|Any CPU = Debug|Any CPU
		Release|Any CPU = Release|Any CPU
	EndGlobalSection
	GlobalSection(ProjectConfigurationPlatforms) = postSolution
		{A0FB41F5-B144-46E3-9D64-D1EB78231E5D}.Debug|Any CPU.ActiveCfg = Debug|Any CPU
		{A0FB41F5-B144-46E3-9D64-D1EB78231E5D}.Debug|Any CPU.Build.0 = Debug|Any CPU
		{A0FB41F5-B144-46E3-9D64-D1EB78231E5D}.Release|Any CPU.ActiveCfg = Release|Any CPU
		{A0FB41F5-B144-46E3-9D64-D1EB78231E5D}.Release|Any CPU.Build.0 = Release|Any CPU
	EndGlobalSection
	GlobalSection(SolutionProperties) = preSolution
		HideSolutionNode = FALSE
	EndGlobalSection
	GlobalSection(ExtensibilityGlobals) = postSolution
		SolutionGuid = {83234B24-E428-45E9-B151-CB430B19C5F7}
	EndGlobalSection
EndGlobal
